// !$*UTF8*$!
{
	archiveVersion = 1;
	classes = {
	};
	objectVersion = 51;
	objects = {

/* Begin PBXBuildFile section */
		3DB6D53FC55D743E8525A323 /* Pods_SwiftPractice.framework in Frameworks */ = {isa = PBXBuildFile; fileRef = 055CBF68A190E8F0D7387423 /* Pods_SwiftPractice.framework */; };
		A31735D822D2DA7100EF6FF9 /* NSMutableDictionary + Category.swift in Sources */ = {isa = PBXBuildFile; fileRef = A31735D722D2DA7100EF6FF9 /* NSMutableDictionary + Category.swift */; };
		A32BCBC322D6E52D00491FD7 /* CSRealmManager.swift in Sources */ = {isa = PBXBuildFile; fileRef = A32BCBC222D6E52D00491FD7 /* CSRealmManager.swift */; };
		A33FADEF22E87A3A00DBCF7A /* CSHomeCustomNavigationBar.swift in Sources */ = {isa = PBXBuildFile; fileRef = A33FADEE22E87A3A00DBCF7A /* CSHomeCustomNavigationBar.swift */; };
		A33FADF222E87A6800DBCF7A /* CSBaseView.swift in Sources */ = {isa = PBXBuildFile; fileRef = A33FADF122E87A6800DBCF7A /* CSBaseView.swift */; };
		A33FADF522E8888100DBCF7A /* CSBannerView.swift in Sources */ = {isa = PBXBuildFile; fileRef = A33FADF422E8888100DBCF7A /* CSBannerView.swift */; };
		A33FADF722E8898800DBCF7A /* CSBaseCollectionViewCell.swift in Sources */ = {isa = PBXBuildFile; fileRef = A33FADF622E8898800DBCF7A /* CSBaseCollectionViewCell.swift */; };
		A33FADFB22E88A0100DBCF7A /* CSBannerCell.swift in Sources */ = {isa = PBXBuildFile; fileRef = A33FADFA22E88A0100DBCF7A /* CSBannerCell.swift */; };
		A33FADFD22E88DD100DBCF7A /* UIImageView+Extension.swift in Sources */ = {isa = PBXBuildFile; fileRef = A33FADFC22E88DD100DBCF7A /* UIImageView+Extension.swift */; };
		A33FADFF22E89B6E00DBCF7A /* Array+Extension.swift in Sources */ = {isa = PBXBuildFile; fileRef = A33FADFE22E89B6E00DBCF7A /* Array+Extension.swift */; };
		A35D0E9822C3068100791066 /* AppDelegate.swift in Sources */ = {isa = PBXBuildFile; fileRef = A35D0E9722C3068100791066 /* AppDelegate.swift */; };
		A35D0E9F22C3068200791066 /* Assets.xcassets in Resources */ = {isa = PBXBuildFile; fileRef = A35D0E9E22C3068200791066 /* Assets.xcassets */; };
		A35D0EA222C3068200791066 /* LaunchScreen.storyboard in Resources */ = {isa = PBXBuildFile; fileRef = A35D0EA022C3068200791066 /* LaunchScreen.storyboard */; };
		A35D0EAD22C3068200791066 /* SwiftPracticeTests.swift in Sources */ = {isa = PBXBuildFile; fileRef = A35D0EAC22C3068200791066 /* SwiftPracticeTests.swift */; };
		A35D0EB822C3068200791066 /* SwiftPracticeUITests.swift in Sources */ = {isa = PBXBuildFile; fileRef = A35D0EB722C3068200791066 /* SwiftPracticeUITests.swift */; };
		A35D0EC722C30EF500791066 /* CSBaseHTTPRequestManager.swift in Sources */ = {isa = PBXBuildFile; fileRef = A35D0EC622C30EF500791066 /* CSBaseHTTPRequestManager.swift */; };
		A381092E22CB41C300FDD65E /* UIDevice+Category.swift in Sources */ = {isa = PBXBuildFile; fileRef = A381092D22CB41C300FDD65E /* UIDevice+Category.swift */; };
		A38C506522C3222300BF2839 /* CSBaseModel.swift in Sources */ = {isa = PBXBuildFile; fileRef = A38C506422C3222300BF2839 /* CSBaseModel.swift */; };
		A38C506A22C322B800BF2839 /* CSRequestManager.swift in Sources */ = {isa = PBXBuildFile; fileRef = A38C506922C322B800BF2839 /* CSRequestManager.swift */; };
		A3C0672322D72C5A006CEE31 /* CSCacheModel.swift in Sources */ = {isa = PBXBuildFile; fileRef = A3C0672222D72C5A006CEE31 /* CSCacheModel.swift */; };
		A3C4352622C6134E0064C755 /* CSLoginManager.swift in Sources */ = {isa = PBXBuildFile; fileRef = A3C4352522C6134E0064C755 /* CSLoginManager.swift */; };
		A3C4352D22C61A160064C755 /* CSConfig.swift in Sources */ = {isa = PBXBuildFile; fileRef = A3C4352C22C61A160064C755 /* CSConfig.swift */; };
		A3CE011322CAEE5D00BC3085 /* CSStyleManager.swift in Sources */ = {isa = PBXBuildFile; fileRef = A3CE011222CAEE5D00BC3085 /* CSStyleManager.swift */; };
		A3CE011522CAEEED00BC3085 /* UIColor+Category.swift in Sources */ = {isa = PBXBuildFile; fileRef = A3CE011422CAEEED00BC3085 /* UIColor+Category.swift */; };
		A3CEFE5B22C9E52300BC3085 /* CSRootVCManager.swift in Sources */ = {isa = PBXBuildFile; fileRef = A3CEFE5A22C9E52300BC3085 /* CSRootVCManager.swift */; };
		A3CEFE5F22C9E57400BC3085 /* CSBaseViewController.swift in Sources */ = {isa = PBXBuildFile; fileRef = A3CEFE5E22C9E57400BC3085 /* CSBaseViewController.swift */; };
		A3CEFE6122C9E59000BC3085 /* CSHomeViewController.swift in Sources */ = {isa = PBXBuildFile; fileRef = A3CEFE6022C9E59000BC3085 /* CSHomeViewController.swift */; };
		A3CEFE6422C9E5A900BC3085 /* CSMineViewController.swift in Sources */ = {isa = PBXBuildFile; fileRef = A3CEFE6322C9E5A900BC3085 /* CSMineViewController.swift */; };
		A3CEFEB322C9E8FA00BC3085 /* DispatchQueue+Category.swift in Sources */ = {isa = PBXBuildFile; fileRef = A3CEFEB222C9E8FA00BC3085 /* DispatchQueue+Category.swift */; };
		A3CEFEB522C9EBBE00BC3085 /* CSBaseNavigationController.swift in Sources */ = {isa = PBXBuildFile; fileRef = A3CEFEB422C9EBBE00BC3085 /* CSBaseNavigationController.swift */; };
		A3CEFF1622CA1B0F00BC3085 /* CSLoginViewController.swift in Sources */ = {isa = PBXBuildFile; fileRef = A3CEFF1522CA1B0F00BC3085 /* CSLoginViewController.swift */; };
		A3F6115D22C9AFC700A18751 /* CSCommonAPIManager.swift in Sources */ = {isa = PBXBuildFile; fileRef = A3F6115C22C9AFC700A18751 /* CSCommonAPIManager.swift */; };
		A3FC7E3922D45E2300DD41F6 /* CSUserInfoModel.swift in Sources */ = {isa = PBXBuildFile; fileRef = A3FC7E3622D45E2300DD41F6 /* CSUserInfoModel.swift */; };
		A3FC7E4422D6C8D100DD41F6 /* CSUser.swift in Sources */ = {isa = PBXBuildFile; fileRef = A3FC7E4322D6C8D100DD41F6 /* CSUser.swift */; };
/* End PBXBuildFile section */

/* Begin PBXContainerItemProxy section */
		A35D0EA922C3068200791066 /* PBXContainerItemProxy */ = {
			isa = PBXContainerItemProxy;
			containerPortal = A35D0E8C22C3068100791066 /* Project object */;
			proxyType = 1;
			remoteGlobalIDString = A35D0E9322C3068100791066;
			remoteInfo = SwiftPractice;
		};
		A35D0EB422C3068200791066 /* PBXContainerItemProxy */ = {
			isa = PBXContainerItemProxy;
			containerPortal = A35D0E8C22C3068100791066 /* Project object */;
			proxyType = 1;
			remoteGlobalIDString = A35D0E9322C3068100791066;
			remoteInfo = SwiftPractice;
		};
/* End PBXContainerItemProxy section */

/* Begin PBXFileReference section */
		055CBF68A190E8F0D7387423 /* Pods_SwiftPractice.framework */ = {isa = PBXFileReference; explicitFileType = wrapper.framework; includeInIndex = 0; path = Pods_SwiftPractice.framework; sourceTree = BUILT_PRODUCTS_DIR; };
		2117240CF8FB18F8B56D539F /* Pods-SwiftPractice.release.xcconfig */ = {isa = PBXFileReference; includeInIndex = 1; lastKnownFileType = text.xcconfig; name = "Pods-SwiftPractice.release.xcconfig"; path = "Target Support Files/Pods-SwiftPractice/Pods-SwiftPractice.release.xcconfig"; sourceTree = "<group>"; };
		A31735D722D2DA7100EF6FF9 /* NSMutableDictionary + Category.swift */ = {isa = PBXFileReference; lastKnownFileType = sourcecode.swift; path = "NSMutableDictionary + Category.swift"; sourceTree = "<group>"; };
		A32BCBC222D6E52D00491FD7 /* CSRealmManager.swift */ = {isa = PBXFileReference; lastKnownFileType = sourcecode.swift; path = CSRealmManager.swift; sourceTree = "<group>"; };
		A33FADEE22E87A3A00DBCF7A /* CSHomeCustomNavigationBar.swift */ = {isa = PBXFileReference; lastKnownFileType = sourcecode.swift; path = CSHomeCustomNavigationBar.swift; sourceTree = "<group>"; };
		A33FADF122E87A6800DBCF7A /* CSBaseView.swift */ = {isa = PBXFileReference; lastKnownFileType = sourcecode.swift; path = CSBaseView.swift; sourceTree = "<group>"; };
		A33FADF422E8888100DBCF7A /* CSBannerView.swift */ = {isa = PBXFileReference; lastKnownFileType = sourcecode.swift; path = CSBannerView.swift; sourceTree = "<group>"; };
		A33FADF622E8898800DBCF7A /* CSBaseCollectionViewCell.swift */ = {isa = PBXFileReference; lastKnownFileType = sourcecode.swift; path = CSBaseCollectionViewCell.swift; sourceTree = "<group>"; };
		A33FADFA22E88A0100DBCF7A /* CSBannerCell.swift */ = {isa = PBXFileReference; lastKnownFileType = sourcecode.swift; path = CSBannerCell.swift; sourceTree = "<group>"; };
		A33FADFC22E88DD100DBCF7A /* UIImageView+Extension.swift */ = {isa = PBXFileReference; lastKnownFileType = sourcecode.swift; path = "UIImageView+Extension.swift"; sourceTree = "<group>"; };
		A33FADFE22E89B6E00DBCF7A /* Array+Extension.swift */ = {isa = PBXFileReference; lastKnownFileType = sourcecode.swift; path = "Array+Extension.swift"; sourceTree = "<group>"; };
		A35D0E9422C3068100791066 /* SwiftPractice.app */ = {isa = PBXFileReference; explicitFileType = wrapper.application; includeInIndex = 0; path = SwiftPractice.app; sourceTree = BUILT_PRODUCTS_DIR; };
		A35D0E9722C3068100791066 /* AppDelegate.swift */ = {isa = PBXFileReference; lastKnownFileType = sourcecode.swift; path = AppDelegate.swift; sourceTree = "<group>"; };
		A35D0E9E22C3068200791066 /* Assets.xcassets */ = {isa = PBXFileReference; lastKnownFileType = folder.assetcatalog; path = Assets.xcassets; sourceTree = "<group>"; };
		A35D0EA122C3068200791066 /* Base */ = {isa = PBXFileReference; lastKnownFileType = file.storyboard; name = Base; path = Base.lproj/LaunchScreen.storyboard; sourceTree = "<group>"; };
		A35D0EA322C3068200791066 /* Info.plist */ = {isa = PBXFileReference; lastKnownFileType = text.plist.xml; path = Info.plist; sourceTree = "<group>"; };
		A35D0EA822C3068200791066 /* SwiftPracticeTests.xctest */ = {isa = PBXFileReference; explicitFileType = wrapper.cfbundle; includeInIndex = 0; path = SwiftPracticeTests.xctest; sourceTree = BUILT_PRODUCTS_DIR; };
		A35D0EAC22C3068200791066 /* SwiftPracticeTests.swift */ = {isa = PBXFileReference; lastKnownFileType = sourcecode.swift; path = SwiftPracticeTests.swift; sourceTree = "<group>"; };
		A35D0EAE22C3068200791066 /* Info.plist */ = {isa = PBXFileReference; lastKnownFileType = text.plist.xml; path = Info.plist; sourceTree = "<group>"; };
		A35D0EB322C3068200791066 /* SwiftPracticeUITests.xctest */ = {isa = PBXFileReference; explicitFileType = wrapper.cfbundle; includeInIndex = 0; path = SwiftPracticeUITests.xctest; sourceTree = BUILT_PRODUCTS_DIR; };
		A35D0EB722C3068200791066 /* SwiftPracticeUITests.swift */ = {isa = PBXFileReference; lastKnownFileType = sourcecode.swift; path = SwiftPracticeUITests.swift; sourceTree = "<group>"; };
		A35D0EB922C3068200791066 /* Info.plist */ = {isa = PBXFileReference; lastKnownFileType = text.plist.xml; path = Info.plist; sourceTree = "<group>"; };
		A35D0EC622C30EF500791066 /* CSBaseHTTPRequestManager.swift */ = {isa = PBXFileReference; lastKnownFileType = sourcecode.swift; path = CSBaseHTTPRequestManager.swift; sourceTree = "<group>"; };
		A381092D22CB41C300FDD65E /* UIDevice+Category.swift */ = {isa = PBXFileReference; lastKnownFileType = sourcecode.swift; path = "UIDevice+Category.swift"; sourceTree = "<group>"; };
		A38C506422C3222300BF2839 /* CSBaseModel.swift */ = {isa = PBXFileReference; lastKnownFileType = sourcecode.swift; path = CSBaseModel.swift; sourceTree = "<group>"; };
		A38C506922C322B800BF2839 /* CSRequestManager.swift */ = {isa = PBXFileReference; lastKnownFileType = sourcecode.swift; path = CSRequestManager.swift; sourceTree = "<group>"; };
		A3C0672222D72C5A006CEE31 /* CSCacheModel.swift */ = {isa = PBXFileReference; lastKnownFileType = sourcecode.swift; path = CSCacheModel.swift; sourceTree = "<group>"; };
		A3C4352522C6134E0064C755 /* CSLoginManager.swift */ = {isa = PBXFileReference; lastKnownFileType = sourcecode.swift; path = CSLoginManager.swift; sourceTree = "<group>"; };
		A3C4352C22C61A160064C755 /* CSConfig.swift */ = {isa = PBXFileReference; lastKnownFileType = sourcecode.swift; path = CSConfig.swift; sourceTree = "<group>"; };
		A3CE011222CAEE5D00BC3085 /* CSStyleManager.swift */ = {isa = PBXFileReference; lastKnownFileType = sourcecode.swift; path = CSStyleManager.swift; sourceTree = "<group>"; };
		A3CE011422CAEEED00BC3085 /* UIColor+Category.swift */ = {isa = PBXFileReference; lastKnownFileType = sourcecode.swift; path = "UIColor+Category.swift"; sourceTree = "<group>"; };
		A3CEFE5A22C9E52300BC3085 /* CSRootVCManager.swift */ = {isa = PBXFileReference; lastKnownFileType = sourcecode.swift; path = CSRootVCManager.swift; sourceTree = "<group>"; };
		A3CEFE5E22C9E57400BC3085 /* CSBaseViewController.swift */ = {isa = PBXFileReference; lastKnownFileType = sourcecode.swift; path = CSBaseViewController.swift; sourceTree = "<group>"; };
		A3CEFE6022C9E59000BC3085 /* CSHomeViewController.swift */ = {isa = PBXFileReference; lastKnownFileType = sourcecode.swift; path = CSHomeViewController.swift; sourceTree = "<group>"; };
		A3CEFE6322C9E5A900BC3085 /* CSMineViewController.swift */ = {isa = PBXFileReference; lastKnownFileType = sourcecode.swift; path = CSMineViewController.swift; sourceTree = "<group>"; };
		A3CEFEB222C9E8FA00BC3085 /* DispatchQueue+Category.swift */ = {isa = PBXFileReference; lastKnownFileType = sourcecode.swift; path = "DispatchQueue+Category.swift"; sourceTree = "<group>"; };
		A3CEFEB422C9EBBE00BC3085 /* CSBaseNavigationController.swift */ = {isa = PBXFileReference; lastKnownFileType = sourcecode.swift; path = CSBaseNavigationController.swift; sourceTree = "<group>"; };
		A3CEFF1522CA1B0F00BC3085 /* CSLoginViewController.swift */ = {isa = PBXFileReference; lastKnownFileType = sourcecode.swift; path = CSLoginViewController.swift; sourceTree = "<group>"; };
		A3F6115C22C9AFC700A18751 /* CSCommonAPIManager.swift */ = {isa = PBXFileReference; lastKnownFileType = sourcecode.swift; path = CSCommonAPIManager.swift; sourceTree = "<group>"; };
		A3FC7E3622D45E2300DD41F6 /* CSUserInfoModel.swift */ = {isa = PBXFileReference; fileEncoding = 4; lastKnownFileType = sourcecode.swift; path = CSUserInfoModel.swift; sourceTree = "<group>"; };
		A3FC7E4322D6C8D100DD41F6 /* CSUser.swift */ = {isa = PBXFileReference; lastKnownFileType = sourcecode.swift; path = CSUser.swift; sourceTree = "<group>"; };
		B05D9FDBBE247FFB6F42DC13 /* Pods-SwiftPractice.debug.xcconfig */ = {isa = PBXFileReference; includeInIndex = 1; lastKnownFileType = text.xcconfig; name = "Pods-SwiftPractice.debug.xcconfig"; path = "Target Support Files/Pods-SwiftPractice/Pods-SwiftPractice.debug.xcconfig"; sourceTree = "<group>"; };
/* End PBXFileReference section */

/* Begin PBXFrameworksBuildPhase section */
		A35D0E9122C3068100791066 /* Frameworks */ = {
			isa = PBXFrameworksBuildPhase;
			buildActionMask = 2147483647;
			files = (
				3DB6D53FC55D743E8525A323 /* Pods_SwiftPractice.framework in Frameworks */,
			);
			runOnlyForDeploymentPostprocessing = 0;
		};
		A35D0EA522C3068200791066 /* Frameworks */ = {
			isa = PBXFrameworksBuildPhase;
			buildActionMask = 2147483647;
			files = (
			);
			runOnlyForDeploymentPostprocessing = 0;
		};
		A35D0EB022C3068200791066 /* Frameworks */ = {
			isa = PBXFrameworksBuildPhase;
			buildActionMask = 2147483647;
			files = (
			);
			runOnlyForDeploymentPostprocessing = 0;
		};
/* End PBXFrameworksBuildPhase section */

/* Begin PBXGroup section */
		50EC93551A7182C6278B1DD6 /* Pods */ = {
			isa = PBXGroup;
			children = (
				B05D9FDBBE247FFB6F42DC13 /* Pods-SwiftPractice.debug.xcconfig */,
				2117240CF8FB18F8B56D539F /* Pods-SwiftPractice.release.xcconfig */,
			);
			path = Pods;
			sourceTree = "<group>";
		};
		A32BCBC122D6E4E800491FD7 /* Realm */ = {
			isa = PBXGroup;
			children = (
				A32BCBC222D6E52D00491FD7 /* CSRealmManager.swift */,
			);
			path = Realm;
			sourceTree = "<group>";
		};
		A33FADEC22E879E000DBCF7A /* View */ = {
			isa = PBXGroup;
			children = (
				A33FADEE22E87A3A00DBCF7A /* CSHomeCustomNavigationBar.swift */,
			);
			path = View;
			sourceTree = "<group>";
		};
		A33FADED22E879E500DBCF7A /* VC */ = {
			isa = PBXGroup;
			children = (
				A3CEFE6022C9E59000BC3085 /* CSHomeViewController.swift */,
			);
			path = VC;
			sourceTree = "<group>";
		};
		A33FADF022E87A5700DBCF7A /* View */ = {
			isa = PBXGroup;
			children = (
				A33FADF122E87A6800DBCF7A /* CSBaseView.swift */,
				A33FADF622E8898800DBCF7A /* CSBaseCollectionViewCell.swift */,
			);
			path = View;
			sourceTree = "<group>";
		};
		A33FADF322E8882F00DBCF7A /* CSBannerVew */ = {
			isa = PBXGroup;
			children = (
				A33FADF422E8888100DBCF7A /* CSBannerView.swift */,
				A33FADFA22E88A0100DBCF7A /* CSBannerCell.swift */,
			);
			path = CSBannerVew;
			sourceTree = "<group>";
		};
		A35D0E8B22C3068100791066 = {
			isa = PBXGroup;
			children = (
				A35D0E9622C3068100791066 /* SwiftPractice */,
				A35D0EAB22C3068200791066 /* SwiftPracticeTests */,
				A35D0EB622C3068200791066 /* SwiftPracticeUITests */,
				A35D0E9522C3068100791066 /* Products */,
				50EC93551A7182C6278B1DD6 /* Pods */,
				F0605A410BE17141E3E5B902 /* Frameworks */,
			);
			sourceTree = "<group>";
		};
		A35D0E9522C3068100791066 /* Products */ = {
			isa = PBXGroup;
			children = (
				A35D0E9422C3068100791066 /* SwiftPractice.app */,
				A35D0EA822C3068200791066 /* SwiftPracticeTests.xctest */,
				A35D0EB322C3068200791066 /* SwiftPracticeUITests.xctest */,
			);
			name = Products;
			sourceTree = "<group>";
		};
		A35D0E9622C3068100791066 /* SwiftPractice */ = {
			isa = PBXGroup;
			children = (
				A35D0E9722C3068100791066 /* AppDelegate.swift */,
				A3CEFE5922C9E43800BC3085 /* Modules */,
				A3F6115A22C9AF9200A18751 /* Common */,
				A3C4352722C613FC0064C755 /* Config */,
				A38C506122C321EF00BF2839 /* Base */,
				A35D0E9E22C3068200791066 /* Assets.xcassets */,
				A35D0EA022C3068200791066 /* LaunchScreen.storyboard */,
				A35D0EA322C3068200791066 /* Info.plist */,
				A3CEFEB122C9E83300BC3085 /* Category */,
			);
			path = SwiftPractice;
			sourceTree = "<group>";
		};
		A35D0EAB22C3068200791066 /* SwiftPracticeTests */ = {
			isa = PBXGroup;
			children = (
				A35D0EAC22C3068200791066 /* SwiftPracticeTests.swift */,
				A35D0EAE22C3068200791066 /* Info.plist */,
			);
			path = SwiftPracticeTests;
			sourceTree = "<group>";
		};
		A35D0EB622C3068200791066 /* SwiftPracticeUITests */ = {
			isa = PBXGroup;
			children = (
				A35D0EB722C3068200791066 /* SwiftPracticeUITests.swift */,
				A35D0EB922C3068200791066 /* Info.plist */,
			);
			path = SwiftPracticeUITests;
			sourceTree = "<group>";
		};
		A35D0EC822C319CA00791066 /* Login */ = {
			isa = PBXGroup;
			children = (
				A3CEFF1422CA1AD000BC3085 /* VC */,
				A38C506822C3228400BF2839 /* Manager */,
				A38C506022C321DC00BF2839 /* Model */,
			);
			path = Login;
			sourceTree = "<group>";
		};
		A38C506022C321DC00BF2839 /* Model */ = {
			isa = PBXGroup;
			children = (
				A3FC7E3622D45E2300DD41F6 /* CSUserInfoModel.swift */,
				A3FC7E4322D6C8D100DD41F6 /* CSUser.swift */,
			);
			path = Model;
			sourceTree = "<group>";
		};
		A38C506122C321EF00BF2839 /* Base */ = {
			isa = PBXGroup;
			children = (
				A33FADF022E87A5700DBCF7A /* View */,
				A3CEFE5D22C9E56200BC3085 /* VC */,
				A38C506322C3220F00BF2839 /* Model */,
				A38C506222C3220600BF2839 /* Manager */,
			);
			path = Base;
			sourceTree = "<group>";
		};
		A38C506222C3220600BF2839 /* Manager */ = {
			isa = PBXGroup;
			children = (
				A35D0EC622C30EF500791066 /* CSBaseHTTPRequestManager.swift */,
			);
			path = Manager;
			sourceTree = "<group>";
		};
		A38C506322C3220F00BF2839 /* Model */ = {
			isa = PBXGroup;
			children = (
				A38C506422C3222300BF2839 /* CSBaseModel.swift */,
				A3C0672222D72C5A006CEE31 /* CSCacheModel.swift */,
			);
			path = Model;
			sourceTree = "<group>";
		};
		A38C506822C3228400BF2839 /* Manager */ = {
			isa = PBXGroup;
			children = (
				A3C4352522C6134E0064C755 /* CSLoginManager.swift */,
			);
			path = Manager;
			sourceTree = "<group>";
		};
		A3C4352422C613090064C755 /* Request */ = {
			isa = PBXGroup;
			children = (
				A38C506922C322B800BF2839 /* CSRequestManager.swift */,
			);
			path = Request;
			sourceTree = "<group>";
		};
		A3C4352722C613FC0064C755 /* Config */ = {
			isa = PBXGroup;
			children = (
				A3C4352C22C61A160064C755 /* CSConfig.swift */,
				A3CEFE5A22C9E52300BC3085 /* CSRootVCManager.swift */,
			);
			path = Config;
			sourceTree = "<group>";
		};
		A3CE011122CAEE1200BC3085 /* Style */ = {
			isa = PBXGroup;
			children = (
				A3CE011222CAEE5D00BC3085 /* CSStyleManager.swift */,
			);
			path = Style;
			sourceTree = "<group>";
		};
		A3CEFE5922C9E43800BC3085 /* Modules */ = {
			isa = PBXGroup;
			children = (
				A3CEFE6222C9E59400BC3085 /* Mine */,
				A3CEFE5C22C9E55000BC3085 /* Home */,
				A35D0EC822C319CA00791066 /* Login */,
			);
			path = Modules;
			sourceTree = "<group>";
		};
		A3CEFE5C22C9E55000BC3085 /* Home */ = {
			isa = PBXGroup;
			children = (
				A33FADED22E879E500DBCF7A /* VC */,
				A33FADEC22E879E000DBCF7A /* View */,
			);
			path = Home;
			sourceTree = "<group>";
		};
		A3CEFE5D22C9E56200BC3085 /* VC */ = {
			isa = PBXGroup;
			children = (
				A3CEFE5E22C9E57400BC3085 /* CSBaseViewController.swift */,
				A3CEFEB422C9EBBE00BC3085 /* CSBaseNavigationController.swift */,
			);
			path = VC;
			sourceTree = "<group>";
		};
		A3CEFE6222C9E59400BC3085 /* Mine */ = {
			isa = PBXGroup;
			children = (
				A3CEFE6322C9E5A900BC3085 /* CSMineViewController.swift */,
			);
			path = Mine;
			sourceTree = "<group>";
		};
		A3CEFEB122C9E83300BC3085 /* Category */ = {
			isa = PBXGroup;
			children = (
				A3CEFEB222C9E8FA00BC3085 /* DispatchQueue+Category.swift */,
				A3CE011422CAEEED00BC3085 /* UIColor+Category.swift */,
				A381092D22CB41C300FDD65E /* UIDevice+Category.swift */,
				A31735D722D2DA7100EF6FF9 /* NSMutableDictionary + Category.swift */,
				A33FADFC22E88DD100DBCF7A /* UIImageView+Extension.swift */,
				A33FADFE22E89B6E00DBCF7A /* Array+Extension.swift */,
			);
			path = Category;
			sourceTree = "<group>";
		};
		A3CEFF1422CA1AD000BC3085 /* VC */ = {
			isa = PBXGroup;
			children = (
				A3CEFF1522CA1B0F00BC3085 /* CSLoginViewController.swift */,
			);
			path = VC;
			sourceTree = "<group>";
		};
		A3F6115A22C9AF9200A18751 /* Common */ = {
			isa = PBXGroup;
			children = (
				A33FADF322E8882F00DBCF7A /* CSBannerVew */,
				A32BCBC122D6E4E800491FD7 /* Realm */,
				A3CE011122CAEE1200BC3085 /* Style */,
				A3C4352422C613090064C755 /* Request */,
				A3F6115B22C9AF9C00A18751 /* CommonAPIManager */,
			);
			path = Common;
			sourceTree = "<group>";
		};
		A3F6115B22C9AF9C00A18751 /* CommonAPIManager */ = {
			isa = PBXGroup;
			children = (
				A3F6115C22C9AFC700A18751 /* CSCommonAPIManager.swift */,
			);
			path = CommonAPIManager;
			sourceTree = "<group>";
		};
		F0605A410BE17141E3E5B902 /* Frameworks */ = {
			isa = PBXGroup;
			children = (
				055CBF68A190E8F0D7387423 /* Pods_SwiftPractice.framework */,
			);
			name = Frameworks;
			sourceTree = "<group>";
		};
/* End PBXGroup section */

/* Begin PBXNativeTarget section */
		A35D0E9322C3068100791066 /* SwiftPractice */ = {
			isa = PBXNativeTarget;
			buildConfigurationList = A35D0EBC22C3068200791066 /* Build configuration list for PBXNativeTarget "SwiftPractice" */;
			buildPhases = (
				A6125D3E9B0979C1C7F0C99B /* [CP] Check Pods Manifest.lock */,
				A35D0E9022C3068100791066 /* Sources */,
				A35D0E9122C3068100791066 /* Frameworks */,
				A35D0E9222C3068100791066 /* Resources */,
				0816C4655A80DB80C2F69F6E /* [CP] Embed Pods Frameworks */,
			);
			buildRules = (
			);
			dependencies = (
			);
			name = SwiftPractice;
			productName = SwiftPractice;
			productReference = A35D0E9422C3068100791066 /* SwiftPractice.app */;
			productType = "com.apple.product-type.application";
		};
		A35D0EA722C3068200791066 /* SwiftPracticeTests */ = {
			isa = PBXNativeTarget;
			buildConfigurationList = A35D0EBF22C3068200791066 /* Build configuration list for PBXNativeTarget "SwiftPracticeTests" */;
			buildPhases = (
				A35D0EA422C3068200791066 /* Sources */,
				A35D0EA522C3068200791066 /* Frameworks */,
				A35D0EA622C3068200791066 /* Resources */,
			);
			buildRules = (
			);
			dependencies = (
				A35D0EAA22C3068200791066 /* PBXTargetDependency */,
			);
			name = SwiftPracticeTests;
			productName = SwiftPracticeTests;
			productReference = A35D0EA822C3068200791066 /* SwiftPracticeTests.xctest */;
			productType = "com.apple.product-type.bundle.unit-test";
		};
		A35D0EB222C3068200791066 /* SwiftPracticeUITests */ = {
			isa = PBXNativeTarget;
			buildConfigurationList = A35D0EC222C3068200791066 /* Build configuration list for PBXNativeTarget "SwiftPracticeUITests" */;
			buildPhases = (
				A35D0EAF22C3068200791066 /* Sources */,
				A35D0EB022C3068200791066 /* Frameworks */,
				A35D0EB122C3068200791066 /* Resources */,
			);
			buildRules = (
			);
			dependencies = (
				A35D0EB522C3068200791066 /* PBXTargetDependency */,
			);
			name = SwiftPracticeUITests;
			productName = SwiftPracticeUITests;
			productReference = A35D0EB322C3068200791066 /* SwiftPracticeUITests.xctest */;
			productType = "com.apple.product-type.bundle.ui-testing";
		};
/* End PBXNativeTarget section */

/* Begin PBXProject section */
		A35D0E8C22C3068100791066 /* Project object */ = {
			isa = PBXProject;
			attributes = {
				LastSwiftUpdateCheck = 1020;
				LastUpgradeCheck = 1020;
				ORGANIZATIONNAME = hanxing;
				TargetAttributes = {
					A35D0E9322C3068100791066 = {
						CreatedOnToolsVersion = 10.2.1;
					};
					A35D0EA722C3068200791066 = {
						CreatedOnToolsVersion = 10.2.1;
						TestTargetID = A35D0E9322C3068100791066;
					};
					A35D0EB222C3068200791066 = {
						CreatedOnToolsVersion = 10.2.1;
						TestTargetID = A35D0E9322C3068100791066;
					};
				};
			};
			buildConfigurationList = A35D0E8F22C3068100791066 /* Build configuration list for PBXProject "SwiftPractice" */;
			compatibilityVersion = "Xcode 9.3";
			developmentRegion = en;
			hasScannedForEncodings = 0;
			knownRegions = (
				en,
				Base,
			);
			mainGroup = A35D0E8B22C3068100791066;
			productRefGroup = A35D0E9522C3068100791066 /* Products */;
			projectDirPath = "";
			projectRoot = "";
			targets = (
				A35D0E9322C3068100791066 /* SwiftPractice */,
				A35D0EA722C3068200791066 /* SwiftPracticeTests */,
				A35D0EB222C3068200791066 /* SwiftPracticeUITests */,
			);
		};
/* End PBXProject section */

/* Begin PBXResourcesBuildPhase section */
		A35D0E9222C3068100791066 /* Resources */ = {
			isa = PBXResourcesBuildPhase;
			buildActionMask = 2147483647;
			files = (
				A35D0EA222C3068200791066 /* LaunchScreen.storyboard in Resources */,
				A35D0E9F22C3068200791066 /* Assets.xcassets in Resources */,
			);
			runOnlyForDeploymentPostprocessing = 0;
		};
		A35D0EA622C3068200791066 /* Resources */ = {
			isa = PBXResourcesBuildPhase;
			buildActionMask = 2147483647;
			files = (
			);
			runOnlyForDeploymentPostprocessing = 0;
		};
		A35D0EB122C3068200791066 /* Resources */ = {
			isa = PBXResourcesBuildPhase;
			buildActionMask = 2147483647;
			files = (
			);
			runOnlyForDeploymentPostprocessing = 0;
		};
/* End PBXResourcesBuildPhase section */

/* Begin PBXShellScriptBuildPhase section */
		0816C4655A80DB80C2F69F6E /* [CP] Embed Pods Frameworks */ = {
			isa = PBXShellScriptBuildPhase;
			buildActionMask = 2147483647;
			files = (
			);
			inputFileListPaths = (
				"${PODS_ROOT}/Target Support Files/Pods-SwiftPractice/Pods-SwiftPractice-frameworks-${CONFIGURATION}-input-files.xcfilelist",
			);
			name = "[CP] Embed Pods Frameworks";
			outputFileListPaths = (
				"${PODS_ROOT}/Target Support Files/Pods-SwiftPractice/Pods-SwiftPractice-frameworks-${CONFIGURATION}-output-files.xcfilelist",
			);
			runOnlyForDeploymentPostprocessing = 0;
			shellPath = /bin/sh;
			shellScript = "\"${PODS_ROOT}/Target Support Files/Pods-SwiftPractice/Pods-SwiftPractice-frameworks.sh\"\n";
			showEnvVarsInLog = 0;
		};
		A6125D3E9B0979C1C7F0C99B /* [CP] Check Pods Manifest.lock */ = {
			isa = PBXShellScriptBuildPhase;
			buildActionMask = 2147483647;
			files = (
			);
			inputFileListPaths = (
			);
			inputPaths = (
				"${PODS_PODFILE_DIR_PATH}/Podfile.lock",
				"${PODS_ROOT}/Manifest.lock",
			);
			name = "[CP] Check Pods Manifest.lock";
			outputFileListPaths = (
			);
			outputPaths = (
				"$(DERIVED_FILE_DIR)/Pods-SwiftPractice-checkManifestLockResult.txt",
			);
			runOnlyForDeploymentPostprocessing = 0;
			shellPath = /bin/sh;
			shellScript = "diff \"${PODS_PODFILE_DIR_PATH}/Podfile.lock\" \"${PODS_ROOT}/Manifest.lock\" > /dev/null\nif [ $? != 0 ] ; then\n    # print error to STDERR\n    echo \"error: The sandbox is not in sync with the Podfile.lock. Run 'pod install' or update your CocoaPods installation.\" >&2\n    exit 1\nfi\n# This output is used by Xcode 'outputs' to avoid re-running this script phase.\necho \"SUCCESS\" > \"${SCRIPT_OUTPUT_FILE_0}\"\n";
			showEnvVarsInLog = 0;
		};
/* End PBXShellScriptBuildPhase section */

/* Begin PBXSourcesBuildPhase section */
		A35D0E9022C3068100791066 /* Sources */ = {
			isa = PBXSourcesBuildPhase;
			buildActionMask = 2147483647;
			files = (
				A33FADFB22E88A0100DBCF7A /* CSBannerCell.swift in Sources */,
				A33FADFF22E89B6E00DBCF7A /* Array+Extension.swift in Sources */,
				A3C0672322D72C5A006CEE31 /* CSCacheModel.swift in Sources */,
				A381092E22CB41C300FDD65E /* UIDevice+Category.swift in Sources */,
				A3CE011322CAEE5D00BC3085 /* CSStyleManager.swift in Sources */,
				A33FADF722E8898800DBCF7A /* CSBaseCollectionViewCell.swift in Sources */,
				A31735D822D2DA7100EF6FF9 /* NSMutableDictionary + Category.swift in Sources */,
				A3FC7E4422D6C8D100DD41F6 /* CSUser.swift in Sources */,
				A3CEFE5F22C9E57400BC3085 /* CSBaseViewController.swift in Sources */,
				A3CEFEB322C9E8FA00BC3085 /* DispatchQueue+Category.swift in Sources */,
				A35D0EC722C30EF500791066 /* CSBaseHTTPRequestManager.swift in Sources */,
				A38C506A22C322B800BF2839 /* CSRequestManager.swift in Sources */,
				A3CEFE6422C9E5A900BC3085 /* CSMineViewController.swift in Sources */,
				A32BCBC322D6E52D00491FD7 /* CSRealmManager.swift in Sources */,
				A3CEFEB522C9EBBE00BC3085 /* CSBaseNavigationController.swift in Sources */,
				A3CEFE5B22C9E52300BC3085 /* CSRootVCManager.swift in Sources */,
				A33FADFD22E88DD100DBCF7A /* UIImageView+Extension.swift in Sources */,
				A3F6115D22C9AFC700A18751 /* CSCommonAPIManager.swift in Sources */,
				A38C506522C3222300BF2839 /* CSBaseModel.swift in Sources */,
				A3C4352D22C61A160064C755 /* CSConfig.swift in Sources */,
				A3CE011522CAEEED00BC3085 /* UIColor+Category.swift in Sources */,
				A33FADF522E8888100DBCF7A /* CSBannerView.swift in Sources */,
				A33FADEF22E87A3A00DBCF7A /* CSHomeCustomNavigationBar.swift in Sources */,
				A3CEFF1622CA1B0F00BC3085 /* CSLoginViewController.swift in Sources */,
				A3FC7E3922D45E2300DD41F6 /* CSUserInfoModel.swift in Sources */,
				A3C4352622C6134E0064C755 /* CSLoginManager.swift in Sources */,
				A35D0E9822C3068100791066 /* AppDelegate.swift in Sources */,
				A3CEFE6122C9E59000BC3085 /* CSHomeViewController.swift in Sources */,
				A33FADF222E87A6800DBCF7A /* CSBaseView.swift in Sources */,
			);
			runOnlyForDeploymentPostprocessing = 0;
		};
		A35D0EA422C3068200791066 /* Sources */ = {
			isa = PBXSourcesBuildPhase;
			buildActionMask = 2147483647;
			files = (
				A35D0EAD22C3068200791066 /* SwiftPracticeTests.swift in Sources */,
			);
			runOnlyForDeploymentPostprocessing = 0;
		};
		A35D0EAF22C3068200791066 /* Sources */ = {
			isa = PBXSourcesBuildPhase;
			buildActionMask = 2147483647;
			files = (
				A35D0EB822C3068200791066 /* SwiftPracticeUITests.swift in Sources */,
			);
			runOnlyForDeploymentPostprocessing = 0;
		};
/* End PBXSourcesBuildPhase section */

/* Begin PBXTargetDependency section */
		A35D0EAA22C3068200791066 /* PBXTargetDependency */ = {
			isa = PBXTargetDependency;
			target = A35D0E9322C3068100791066 /* SwiftPractice */;
			targetProxy = A35D0EA922C3068200791066 /* PBXContainerItemProxy */;
		};
		A35D0EB522C3068200791066 /* PBXTargetDependency */ = {
			isa = PBXTargetDependency;
			target = A35D0E9322C3068100791066 /* SwiftPractice */;
			targetProxy = A35D0EB422C3068200791066 /* PBXContainerItemProxy */;
		};
/* End PBXTargetDependency section */

/* Begin PBXVariantGroup section */
		A35D0EA022C3068200791066 /* LaunchScreen.storyboard */ = {
			isa = PBXVariantGroup;
			children = (
				A35D0EA122C3068200791066 /* Base */,
			);
			name = LaunchScreen.storyboard;
			sourceTree = "<group>";
		};
/* End PBXVariantGroup section */

/* Begin XCBuildConfiguration section */
		A35D0EBA22C3068200791066 /* Debug */ = {
			isa = XCBuildConfiguration;
			buildSettings = {
				ALWAYS_SEARCH_USER_PATHS = NO;
				CLANG_ANALYZER_NONNULL = YES;
				CLANG_ANALYZER_NUMBER_OBJECT_CONVERSION = YES_AGGRESSIVE;
				CLANG_CXX_LANGUAGE_STANDARD = "gnu++14";
				CLANG_CXX_LIBRARY = "libc++";
				CLANG_ENABLE_MODULES = YES;
				CLANG_ENABLE_OBJC_ARC = YES;
				CLANG_ENABLE_OBJC_WEAK = YES;
				CLANG_WARN_BLOCK_CAPTURE_AUTORELEASING = YES;
				CLANG_WARN_BOOL_CONVERSION = YES;
				CLANG_WARN_COMMA = YES;
				CLANG_WARN_CONSTANT_CONVERSION = YES;
				CLANG_WARN_DEPRECATED_OBJC_IMPLEMENTATIONS = YES;
				CLANG_WARN_DIRECT_OBJC_ISA_USAGE = YES_ERROR;
				CLANG_WARN_DOCUMENTATION_COMMENTS = YES;
				CLANG_WARN_EMPTY_BODY = YES;
				CLANG_WARN_ENUM_CONVERSION = YES;
				CLANG_WARN_INFINITE_RECURSION = YES;
				CLANG_WARN_INT_CONVERSION = YES;
				CLANG_WARN_NON_LITERAL_NULL_CONVERSION = YES;
				CLANG_WARN_OBJC_IMPLICIT_RETAIN_SELF = YES;
				CLANG_WARN_OBJC_LITERAL_CONVERSION = YES;
				CLANG_WARN_OBJC_ROOT_CLASS = YES_ERROR;
				CLANG_WARN_RANGE_LOOP_ANALYSIS = YES;
				CLANG_WARN_STRICT_PROTOTYPES = YES;
				CLANG_WARN_SUSPICIOUS_MOVE = YES;
				CLANG_WARN_UNGUARDED_AVAILABILITY = YES_AGGRESSIVE;
				CLANG_WARN_UNREACHABLE_CODE = YES;
				CLANG_WARN__DUPLICATE_METHOD_MATCH = YES;
				CODE_SIGN_IDENTITY = "iPhone Developer";
				COPY_PHASE_STRIP = NO;
				DEBUG_INFORMATION_FORMAT = dwarf;
				ENABLE_STRICT_OBJC_MSGSEND = YES;
				ENABLE_TESTABILITY = YES;
				GCC_C_LANGUAGE_STANDARD = gnu11;
				GCC_DYNAMIC_NO_PIC = NO;
				GCC_NO_COMMON_BLOCKS = YES;
				GCC_OPTIMIZATION_LEVEL = 0;
				GCC_PREPROCESSOR_DEFINITIONS = (
					"DEBUG=1",
					"$(inherited)",
				);
				GCC_WARN_64_TO_32_BIT_CONVERSION = YES;
				GCC_WARN_ABOUT_RETURN_TYPE = YES_ERROR;
				GCC_WARN_UNDECLARED_SELECTOR = YES;
				GCC_WARN_UNINITIALIZED_AUTOS = YES_AGGRESSIVE;
				GCC_WARN_UNUSED_FUNCTION = YES;
				GCC_WARN_UNUSED_VARIABLE = YES;
				IPHONEOS_DEPLOYMENT_TARGET = 12.2;
				MTL_ENABLE_DEBUG_INFO = INCLUDE_SOURCE;
				MTL_FAST_MATH = YES;
				ONLY_ACTIVE_ARCH = YES;
				SDKROOT = iphoneos;
				SWIFT_ACTIVE_COMPILATION_CONDITIONS = DEBUG;
				SWIFT_OPTIMIZATION_LEVEL = "-Onone";
			};
			name = Debug;
		};
		A35D0EBB22C3068200791066 /* Release */ = {
			isa = XCBuildConfiguration;
			buildSettings = {
				ALWAYS_SEARCH_USER_PATHS = NO;
				CLANG_ANALYZER_NONNULL = YES;
				CLANG_ANALYZER_NUMBER_OBJECT_CONVERSION = YES_AGGRESSIVE;
				CLANG_CXX_LANGUAGE_STANDARD = "gnu++14";
				CLANG_CXX_LIBRARY = "libc++";
				CLANG_ENABLE_MODULES = YES;
				CLANG_ENABLE_OBJC_ARC = YES;
				CLANG_ENABLE_OBJC_WEAK = YES;
				CLANG_WARN_BLOCK_CAPTURE_AUTORELEASING = YES;
				CLANG_WARN_BOOL_CONVERSION = YES;
				CLANG_WARN_COMMA = YES;
				CLANG_WARN_CONSTANT_CONVERSION = YES;
				CLANG_WARN_DEPRECATED_OBJC_IMPLEMENTATIONS = YES;
				CLANG_WARN_DIRECT_OBJC_ISA_USAGE = YES_ERROR;
				CLANG_WARN_DOCUMENTATION_COMMENTS = YES;
				CLANG_WARN_EMPTY_BODY = YES;
				CLANG_WARN_ENUM_CONVERSION = YES;
				CLANG_WARN_INFINITE_RECURSION = YES;
				CLANG_WARN_INT_CONVERSION = YES;
				CLANG_WARN_NON_LITERAL_NULL_CONVERSION = YES;
				CLANG_WARN_OBJC_IMPLICIT_RETAIN_SELF = YES;
				CLANG_WARN_OBJC_LITERAL_CONVERSION = YES;
				CLANG_WARN_OBJC_ROOT_CLASS = YES_ERROR;
				CLANG_WARN_RANGE_LOOP_ANALYSIS = YES;
				CLANG_WARN_STRICT_PROTOTYPES = YES;
				CLANG_WARN_SUSPICIOUS_MOVE = YES;
				CLANG_WARN_UNGUARDED_AVAILABILITY = YES_AGGRESSIVE;
				CLANG_WARN_UNREACHABLE_CODE = YES;
				CLANG_WARN__DUPLICATE_METHOD_MATCH = YES;
				CODE_SIGN_IDENTITY = "iPhone Developer";
				COPY_PHASE_STRIP = NO;
				DEBUG_INFORMATION_FORMAT = "dwarf-with-dsym";
				ENABLE_NS_ASSERTIONS = NO;
				ENABLE_STRICT_OBJC_MSGSEND = YES;
				GCC_C_LANGUAGE_STANDARD = gnu11;
				GCC_NO_COMMON_BLOCKS = YES;
				GCC_WARN_64_TO_32_BIT_CONVERSION = YES;
				GCC_WARN_ABOUT_RETURN_TYPE = YES_ERROR;
				GCC_WARN_UNDECLARED_SELECTOR = YES;
				GCC_WARN_UNINITIALIZED_AUTOS = YES_AGGRESSIVE;
				GCC_WARN_UNUSED_FUNCTION = YES;
				GCC_WARN_UNUSED_VARIABLE = YES;
				IPHONEOS_DEPLOYMENT_TARGET = 12.2;
				MTL_ENABLE_DEBUG_INFO = NO;
				MTL_FAST_MATH = YES;
				SDKROOT = iphoneos;
				SWIFT_COMPILATION_MODE = wholemodule;
				SWIFT_OPTIMIZATION_LEVEL = "-O";
				VALIDATE_PRODUCT = YES;
			};
			name = Release;
		};
		A35D0EBD22C3068200791066 /* Debug */ = {
			isa = XCBuildConfiguration;
			baseConfigurationReference = B05D9FDBBE247FFB6F42DC13 /* Pods-SwiftPractice.debug.xcconfig */;
			buildSettings = {
				ASSETCATALOG_COMPILER_APPICON_NAME = AppIcon;
				CODE_SIGN_STYLE = Automatic;
				DEVELOPMENT_TEAM = GN222F3UGN;
				GCC_PREFIX_HEADER = "";
				INFOPLIST_FILE = SwiftPractice/Info.plist;
				IPHONEOS_DEPLOYMENT_TARGET = 9.0;
				LD_RUNPATH_SEARCH_PATHS = (
					"$(inherited)",
					"@executable_path/Frameworks",
				);
				PRODUCT_BUNDLE_IDENTIFIER = hanxing.test.SwiftPractice;
				PRODUCT_NAME = "$(TARGET_NAME)";
				SWIFT_VERSION = 5.0;
				TARGETED_DEVICE_FAMILY = 1;
			};
			name = Debug;
		};
		A35D0EBE22C3068200791066 /* Release */ = {
			isa = XCBuildConfiguration;
			baseConfigurationReference = 2117240CF8FB18F8B56D539F /* Pods-SwiftPractice.release.xcconfig */;
			buildSettings = {
				ASSETCATALOG_COMPILER_APPICON_NAME = AppIcon;
				CODE_SIGN_STYLE = Automatic;
				DEVELOPMENT_TEAM = GN222F3UGN;
				GCC_PREFIX_HEADER = "";
				INFOPLIST_FILE = SwiftPractice/Info.plist;
				IPHONEOS_DEPLOYMENT_TARGET = 9.0;
				LD_RUNPATH_SEARCH_PATHS = (
					"$(inherited)",
					"@executable_path/Frameworks",
				);
				PRODUCT_BUNDLE_IDENTIFIER = hanxing.test.SwiftPractice;
				PRODUCT_NAME = "$(TARGET_NAME)";
				SWIFT_VERSION = 5.0;
				TARGETED_DEVICE_FAMILY = 1;
			};
			name = Release;
		};
		A35D0EC022C3068200791066 /* Debug */ = {
			isa = XCBuildConfiguration;
			buildSettings = {
				ALWAYS_EMBED_SWIFT_STANDARD_LIBRARIES = YES;
				BUNDLE_LOADER = "$(TEST_HOST)";
				CODE_SIGN_STYLE = Automatic;
				DEVELOPMENT_TEAM = GN222F3UGN;
				INFOPLIST_FILE = SwiftPracticeTests/Info.plist;
				LD_RUNPATH_SEARCH_PATHS = (
					"$(inherited)",
					"@executable_path/Frameworks",
					"@loader_path/Frameworks",
				);
				PRODUCT_BUNDLE_IDENTIFIER = hanxing.test.SwiftPracticeTests;
				PRODUCT_NAME = "$(TARGET_NAME)";
				SWIFT_VERSION = 5.0;
				TARGETED_DEVICE_FAMILY = "1,2";
				TEST_HOST = "$(BUILT_PRODUCTS_DIR)/SwiftPractice.app/SwiftPractice";
			};
			name = Debug;
		};
		A35D0EC122C3068200791066 /* Release */ = {
			isa = XCBuildConfiguration;
			buildSettings = {
				ALWAYS_EMBED_SWIFT_STANDARD_LIBRARIES = YES;
				BUNDLE_LOADER = "$(TEST_HOST)";
				CODE_SIGN_STYLE = Automatic;
				DEVELOPMENT_TEAM = GN222F3UGN;
				INFOPLIST_FILE = SwiftPracticeTests/Info.plist;
				LD_RUNPATH_SEARCH_PATHS = (
					"$(inherited)",
					"@executable_path/Frameworks",
					"@loader_path/Frameworks",
				);
				PRODUCT_BUNDLE_IDENTIFIER = hanxing.test.SwiftPracticeTests;
				PRODUCT_NAME = "$(TARGET_NAME)";
				SWIFT_VERSION = 5.0;
				TARGETED_DEVICE_FAMILY = "1,2";
				TEST_HOST = "$(BUILT_PRODUCTS_DIR)/SwiftPractice.app/SwiftPractice";
			};
			name = Release;
		};
		A35D0EC322C3068200791066 /* Debug */ = {
			isa = XCBuildConfiguration;
			buildSettings = {
				ALWAYS_EMBED_SWIFT_STANDARD_LIBRARIES = YES;
				CODE_SIGN_STYLE = Automatic;
				DEVELOPMENT_TEAM = GN222F3UGN;
				INFOPLIST_FILE = SwiftPracticeUITests/Info.plist;
				LD_RUNPATH_SEARCH_PATHS = (
					"$(inherited)",
					"@executable_path/Frameworks",
					"@loader_path/Frameworks",
				);
				PRODUCT_BUNDLE_IDENTIFIER = hanxing.test.SwiftPracticeUITests;
				PRODUCT_NAME = "$(TARGET_NAME)";
				SWIFT_VERSION = 5.0;
				TARGETED_DEVICE_FAMILY = "1,2";
				TEST_TARGET_NAME = SwiftPractice;
			};
			name = Debug;
		};
		A35D0EC422C3068200791066 /* Release */ = {
			isa = XCBuildConfiguration;
			buildSettings = {
				ALWAYS_EMBED_SWIFT_STANDARD_LIBRARIES = YES;
				CODE_SIGN_STYLE = Automatic;
				DEVELOPMENT_TEAM = GN222F3UGN;
				INFOPLIST_FILE = SwiftPracticeUITests/Info.plist;
				LD_RUNPATH_SEARCH_PATHS = (
					"$(inherited)",
					"@executable_path/Frameworks",
					"@loader_path/Frameworks",
				);
				PRODUCT_BUNDLE_IDENTIFIER = hanxing.test.SwiftPracticeUITests;
				PRODUCT_NAME = "$(TARGET_NAME)";
				SWIFT_VERSION = 5.0;
				TARGETED_DEVICE_FAMILY = "1,2";
				TEST_TARGET_NAME = SwiftPractice;
			};
			name = Release;
		};
/* End XCBuildConfiguration section */

/* Begin XCConfigurationList section */
		A35D0E8F22C3068100791066 /* Build configuration list for PBXProject "SwiftPractice" */ = {
			isa = XCConfigurationList;
			buildConfigurations = (
				A35D0EBA22C3068200791066 /* Debug */,
				A35D0EBB22C3068200791066 /* Release */,
			);
			defaultConfigurationIsVisible = 0;
			defaultConfigurationName = Release;
		};
		A35D0EBC22C3068200791066 /* Build configuration list for PBXNativeTarget "SwiftPractice" */ = {
			isa = XCConfigurationList;
			buildConfigurations = (
				A35D0EBD22C3068200791066 /* Debug */,
				A35D0EBE22C3068200791066 /* Release */,
			);
			defaultConfigurationIsVisible = 0;
			defaultConfigurationName = Release;
		};
		A35D0EBF22C3068200791066 /* Build configuration list for PBXNativeTarget "SwiftPracticeTests" */ = {
			isa = XCConfigurationList;
			buildConfigurations = (
				A35D0EC022C3068200791066 /* Debug */,
				A35D0EC122C3068200791066 /* Release */,
			);
			defaultConfigurationIsVisible = 0;
			defaultConfigurationName = Release;
		};
		A35D0EC222C3068200791066 /* Build configuration list for PBXNativeTarget "SwiftPracticeUITests" */ = {
			isa = XCConfigurationList;
			buildConfigurations = (
				A35D0EC322C3068200791066 /* Debug */,
				A35D0EC422C3068200791066 /* Release */,
			);
			defaultConfigurationIsVisible = 0;
			defaultConfigurationName = Release;
		};
/* End XCConfigurationList section */
	};
	rootObject = A35D0E8C22C3068100791066 /* Project object */;
}
